# generated by rye
# use `rye lock` or `rye sync` to update this lockfile
#
# last locked with the following flags:
#   pre: false
#   features: ["training-core","training-onnx","training-gpu"]
#   all-features: false
#   with-sources: false
#   generate-hashes: false
#   universal: false

-e file:.
cachetools==7.0.5
    # via cudf-cu12
coloredlogs==15.0.1
    # via onnxruntime
cuda-bindings==12.9.6
    # via cuda-python
    # via numba-cuda
cuda-core==0.7.0
    # via numba-cuda
cuda-pathfinder==1.5.2
    # via cuda-bindings
    # via cuda-core
cuda-python==12.9.6
    # via cudf-cu12
    # via cuml-cu12
    # via numba-cuda
    # via pylibcudf-cu12
    # via pylibraft-cu12
    # via rmm-cu12
cuda-toolkit==12.9.1
    # via cudf-cu12
    # via cuml-cu12
    # via libcuml-cu12
    # via libraft-cu12
cudf-cu12==26.2.1
    # via cuml-cu12
cuml-cu12==26.2.0
    # via celesify
cupy-cuda12x==13.6.0
    # via cudf-cu12
    # via cuml-cu12
fastrlock==0.8.3
    # via cupy-cuda12x
flatbuffers==25.12.19
    # via onnxruntime
fsspec==2026.3.0
    # via cudf-cu12
humanfriendly==10.0
    # via coloredlogs
imbalanced-learn==0.12.3
    # via celesify
joblib==1.4.2
    # via celesify
    # via cuml-cu12
    # via imbalanced-learn
    # via scikit-learn
libcudf-cu12==26.2.1
    # via cudf-cu12
    # via pylibcudf-cu12
libcuml-cu12==26.2.0
    # via cuml-cu12
libkvikio-cu12==26.2.0
    # via libcudf-cu12
libraft-cu12==26.2.0
    # via libcuml-cu12
    # via pylibraft-cu12
librmm-cu12==26.2.0
    # via libcudf-cu12
    # via libraft-cu12
    # via rmm-cu12
llvmlite==0.44.0
    # via numba
markdown-it-py==4.0.0
    # via rich
mdurl==0.1.2
    # via markdown-it-py
ml-dtypes==0.5.4
    # via onnx
mpmath==1.3.0
    # via sympy
numba==0.61.2
    # via cudf-cu12
    # via cuml-cu12
    # via numba-cuda
numba-cuda==0.22.2
    # via cudf-cu12
    # via cuml-cu12
numpy==1.26.4
    # via celesify
    # via cuda-core
    # via cudf-cu12
    # via cuml-cu12
    # via cupy-cuda12x
    # via imbalanced-learn
    # via ml-dtypes
    # via numba
    # via onnx
    # via onnxruntime
    # via pandas
    # via pyarrow
    # via pylibraft-cu12
    # via rmm-cu12
    # via scikit-learn
    # via scipy
    # via treelite
nvidia-cublas-cu12==12.9.1.4
    # via cuda-toolkit
    # via nvidia-cusolver-cu12
nvidia-cuda-cccl-cu12==12.9.27
    # via numba-cuda
nvidia-cuda-nvcc-cu12==12.9.86
    # via cuda-toolkit
    # via numba-cuda
nvidia-cuda-nvrtc-cu12==12.9.86
    # via cuda-toolkit
    # via numba-cuda
nvidia-cuda-runtime-cu12==12.9.79
    # via numba-cuda
nvidia-cufft-cu12==11.4.1.4
    # via cuda-toolkit
nvidia-curand-cu12==10.3.10.19
    # via cuda-toolkit
nvidia-cusolver-cu12==11.7.5.82
    # via cuda-toolkit
nvidia-cusparse-cu12==12.5.10.65
    # via cuda-toolkit
    # via nvidia-cusolver-cu12
nvidia-libnvcomp-cu12==5.1.0.21
    # via libcudf-cu12
nvidia-nccl-cu12==2.29.7
    # via libraft-cu12
nvidia-nvjitlink-cu12==12.9.86
    # via numba-cuda
    # via nvidia-cufft-cu12
    # via nvidia-cusolver-cu12
    # via nvidia-cusparse-cu12
nvtx==0.2.15
    # via cudf-cu12
    # via pylibcudf-cu12
onnx==1.21.0
    # via celesify
    # via skl2onnx
onnxruntime==1.21.0
    # via celesify
packaging==26.0
    # via cudf-cu12
    # via cuml-cu12
    # via numba-cuda
    # via onnxruntime
    # via pylibcudf-cu12
    # via treelite
pandas==2.2.2
    # via celesify
    # via cudf-cu12
protobuf==4.25.9
    # via onnx
    # via onnxruntime
pyarrow==16.1.0
    # via celesify
    # via cudf-cu12
pygments==2.20.0
    # via rich
pylibcudf-cu12==26.2.1
    # via cudf-cu12
pylibraft-cu12==26.2.0
    # via cuml-cu12
python-dateutil==2.9.0.post0
    # via pandas
pytz==2026.1.post1
    # via pandas
rapids-logger==0.2.3
    # via libcudf-cu12
    # via libcuml-cu12
    # via libraft-cu12
    # via librmm-cu12
rich==14.3.4
    # via cudf-cu12
    # via cuml-cu12
rmm-cu12==26.2.0
    # via cudf-cu12
    # via cuml-cu12
    # via pylibcudf-cu12
    # via pylibraft-cu12
scikit-learn==1.5.1
    # via celesify
    # via cuml-cu12
    # via imbalanced-learn
    # via skl2onnx
scipy==1.17.1
    # via cuml-cu12
    # via imbalanced-learn
    # via scikit-learn
    # via treelite
six==1.17.0
    # via python-dateutil
skl2onnx==1.20.0
    # via celesify
sympy==1.14.0
    # via onnxruntime
threadpoolctl==3.6.0
    # via imbalanced-learn
    # via scikit-learn
treelite==4.7.0
    # via cuml-cu12
typing-extensions==4.15.0
    # via cudf-cu12
    # via onnx
    # via pylibcudf-cu12
tzdata==2026.1
    # via pandas
